// !$*UTF8*$!
{
	archiveVersion = 1;
	classes = {
	};
	objectVersion = 46;
	objects = {

/* Begin PBXBuildFile section */
		02418AA21C122CCD003D2D2F /* AppDelegate.swift in Sources */ = {isa = PBXBuildFile; fileRef = 02418AA11C122CCD003D2D2F /* AppDelegate.swift */; };
		02418AA41C122CCD003D2D2F /* ViewController.swift in Sources */ = {isa = PBXBuildFile; fileRef = 02418AA31C122CCD003D2D2F /* ViewController.swift */; };
		02418AA71C122CCD003D2D2F /* Main.storyboard in Resources */ = {isa = PBXBuildFile; fileRef = 02418AA51C122CCD003D2D2F /* Main.storyboard */; };
		02418AA91C122CCD003D2D2F /* Assets.xcassets in Resources */ = {isa = PBXBuildFile; fileRef = 02418AA81C122CCD003D2D2F /* Assets.xcassets */; };
		02418AAC1C122CCD003D2D2F /* LaunchScreen.storyboard in Resources */ = {isa = PBXBuildFile; fileRef = 02418AAA1C122CCD003D2D2F /* LaunchScreen.storyboard */; };
		02418AB11C122CCE003D2D2F /* Distress WatchKit App.app in Embed Watch Content */ = {isa = PBXBuildFile; fileRef = 02418AB01C122CCE003D2D2F /* Distress WatchKit App.app */; };
		02418AB71C122CCE003D2D2F /* Interface.storyboard in Resources */ = {isa = PBXBuildFile; fileRef = 02418AB51C122CCE003D2D2F /* Interface.storyboard */; };
		02418AB91C122CCE003D2D2F /* Assets.xcassets in Resources */ = {isa = PBXBuildFile; fileRef = 02418AB81C122CCE003D2D2F /* Assets.xcassets */; };
		02418AC01C122CCE003D2D2F /* Distress WatchKit Extension.appex in Embed App Extensions */ = {isa = PBXBuildFile; fileRef = 02418ABF1C122CCE003D2D2F /* Distress WatchKit Extension.appex */; settings = {ATTRIBUTES = (RemoveHeadersOnCopy, ); }; };
		02418AC51C122CCE003D2D2F /* InterfaceController.swift in Sources */ = {isa = PBXBuildFile; fileRef = 02418AC41C122CCE003D2D2F /* InterfaceController.swift */; };
		02418AC71C122CCE003D2D2F /* ExtensionDelegate.swift in Sources */ = {isa = PBXBuildFile; fileRef = 02418AC61C122CCE003D2D2F /* ExtensionDelegate.swift */; };
		02418AC91C122CCE003D2D2F /* Assets.xcassets in Resources */ = {isa = PBXBuildFile; fileRef = 02418AC81C122CCE003D2D2F /* Assets.xcassets */; };
/* End PBXBuildFile section */

/* Begin PBXContainerItemProxy section */
		02418AB21C122CCE003D2D2F /* PBXContainerItemProxy */ = {
			isa = PBXContainerItemProxy;
			containerPortal = 02418A961C122CCD003D2D2F /* Project object */;
			proxyType = 1;
			remoteGlobalIDString = 02418AAF1C122CCE003D2D2F;
			remoteInfo = "Distress WatchKit App";
		};
		02418AC11C122CCE003D2D2F /* PBXContainerItemProxy */ = {
			isa = PBXContainerItemProxy;
			containerPortal = 02418A961C122CCD003D2D2F /* Project object */;
			proxyType = 1;
			remoteGlobalIDString = 02418ABE1C122CCE003D2D2F;
			remoteInfo = "Distress WatchKit Extension";
		};
/* End PBXContainerItemProxy section */

/* Begin PBXCopyFilesBuildPhase section */
		02418AD01C122CCE003D2D2F /* Embed App Extensions */ = {
			isa = PBXCopyFilesBuildPhase;
			buildActionMask = 2147483647;
			dstPath = "";
			dstSubfolderSpec = 13;
			files = (
				02418AC01C122CCE003D2D2F /* Distress WatchKit Extension.appex in Embed App Extensions */,
			);
			name = "Embed App Extensions";
			runOnlyForDeploymentPostprocessing = 0;
		};
		02418AD41C122CCE003D2D2F /* Embed Watch Content */ = {
			isa = PBXCopyFilesBuildPhase;
			buildActionMask = 2147483647;
			dstPath = "$(CONTENTS_FOLDER_PATH)/Watch";
			dstSubfolderSpec = 16;
			files = (
				02418AB11C122CCE003D2D2F /* Distress WatchKit App.app in Embed Watch Content */,
			);
			name = "Embed Watch Content";
			runOnlyForDeploymentPostprocessing = 0;
		};
/* End PBXCopyFilesBuildPhase section */

/* Begin PBXFileReference section */
		02418A9E1C122CCD003D2D2F /* Distress.app */ = {isa = PBXFileReference; explicitFileType = wrapper.application; includeInIndex = 0; path = Distress.app; sourceTree = BUILT_PRODUCTS_DIR; };
		02418AA11C122CCD003D2D2F /* AppDelegate.swift */ = {isa = PBXFileReference; lastKnownFileType = sourcecode.swift; path = AppDelegate.swift; sourceTree = "<group>"; };
		02418AA31C122CCD003D2D2F /* ViewController.swift */ = {isa = PBXFileReference; lastKnownFileType = sourcecode.swift; path = ViewController.swift; sourceTree = "<group>"; };
		02418AA61C122CCD003D2D2F /* Base */ = {isa = PBXFileReference; lastKnownFileType = file.storyboard; name = Base; path = Base.lproj/Main.storyboard; sourceTree = "<group>"; };
		02418AA81C122CCD003D2D2F /* Assets.xcassets */ = {isa = PBXFileReference; lastKnownFileType = folder.assetcatalog; path = Assets.xcassets; sourceTree = "<group>"; };
		02418AAB1C122CCD003D2D2F /* Base */ = {isa = PBXFileReference; lastKnownFileType = file.storyboard; name = Base; path = Base.lproj/LaunchScreen.storyboard; sourceTree = "<group>"; };
		02418AAD1C122CCD003D2D2F /* Info.plist */ = {isa = PBXFileReference; lastKnownFileType = text.plist.xml; path = Info.plist; sourceTree = "<group>"; };
		02418AB01C122CCE003D2D2F /* Distress WatchKit App.app */ = {isa = PBXFileReference; explicitFileType = wrapper.application; includeInIndex = 0; path = "Distress WatchKit App.app"; sourceTree = BUILT_PRODUCTS_DIR; };
		02418AB61C122CCE003D2D2F /* Base */ = {isa = PBXFileReference; lastKnownFileType = file.storyboard; name = Base; path = Base.lproj/Interface.storyboard; sourceTree = "<group>"; };
		02418AB81C122CCE003D2D2F /* Assets.xcassets */ = {isa = PBXFileReference; lastKnownFileType = folder.assetcatalog; path = Assets.xcassets; sourceTree = "<group>"; };
		02418ABA1C122CCE003D2D2F /* Info.plist */ = {isa = PBXFileReference; lastKnownFileType = text.plist.xml; path = Info.plist; sourceTree = "<group>"; };
		02418ABF1C122CCE003D2D2F /* Distress WatchKit Extension.appex */ = {isa = PBXFileReference; explicitFileType = "wrapper.app-extension"; includeInIndex = 0; path = "Distress WatchKit Extension.appex"; sourceTree = BUILT_PRODUCTS_DIR; };
		02418AC41C122CCE003D2D2F /* InterfaceController.swift */ = {isa = PBXFileReference; lastKnownFileType = sourcecode.swift; path = InterfaceController.swift; sourceTree = "<group>"; };
		02418AC61C122CCE003D2D2F /* ExtensionDelegate.swift */ = {isa = PBXFileReference; lastKnownFileType = sourcecode.swift; path = ExtensionDelegate.swift; sourceTree = "<group>"; };
		02418AC81C122CCE003D2D2F /* Assets.xcassets */ = {isa = PBXFileReference; lastKnownFileType = folder.assetcatalog; path = Assets.xcassets; sourceTree = "<group>"; };
		02418ACA1C122CCE003D2D2F /* Info.plist */ = {isa = PBXFileReference; lastKnownFileType = text.plist.xml; path = Info.plist; sourceTree = "<group>"; };
/* End PBXFileReference section */

/* Begin PBXFrameworksBuildPhase section */
		02418A9B1C122CCD003D2D2F /* Frameworks */ = {
			isa = PBXFrameworksBuildPhase;
			buildActionMask = 2147483647;
			files = (
			);
			runOnlyForDeploymentPostprocessing = 0;
		};
		02418ABC1C122CCE003D2D2F /* Frameworks */ = {
			isa = PBXFrameworksBuildPhase;
			buildActionMask = 2147483647;
			files = (
			);
			runOnlyForDeploymentPostprocessing = 0;
		};
/* End PBXFrameworksBuildPhase section */

/* Begin PBXGroup section */
		02418A951C122CCD003D2D2F = {
			isa = PBXGroup;
			children = (
				02418AA01C122CCD003D2D2F /* Distress */,
				02418AB41C122CCE003D2D2F /* Distress WatchKit App */,
				02418AC31C122CCE003D2D2F /* Distress WatchKit Extension */,
				02418A9F1C122CCD003D2D2F /* Products */,
			);
			sourceTree = "<group>";
		};
		02418A9F1C122CCD003D2D2F /* Products */ = {
			isa = PBXGroup;
			children = (
				02418A9E1C122CCD003D2D2F /* Distress.app */,
				02418AB01C122CCE003D2D2F /* Distress WatchKit App.app */,
				02418ABF1C122CCE003D2D2F /* Distress WatchKit Extension.appex */,
			);
			name = Products;
			sourceTree = "<group>";
		};
		02418AA01C122CCD003D2D2F /* Distress */ = {
			isa = PBXGroup;
			children = (
				02418AA11C122CCD003D2D2F /* AppDelegate.swift */,
				02418AA31C122CCD003D2D2F /* ViewController.swift */,
				02418AA51C122CCD003D2D2F /* Main.storyboard */,
				02418AA81C122CCD003D2D2F /* Assets.xcassets */,
				02418AAA1C122CCD003D2D2F /* LaunchScreen.storyboard */,
				02418AAD1C122CCD003D2D2F /* Info.plist */,
			);
			path = Distress;
			sourceTree = "<group>";
		};
		02418AB41C122CCE003D2D2F /* Distress WatchKit App */ = {
			isa = PBXGroup;
			children = (
				02418AB51C122CCE003D2D2F /* Interface.storyboard */,
				02418AB81C122CCE003D2D2F /* Assets.xcassets */,
				02418ABA1C122CCE003D2D2F /* Info.plist */,
			);
			path = "Distress WatchKit App";
			sourceTree = "<group>";
		};
		02418AC31C122CCE003D2D2F /* Distress WatchKit Extension */ = {
			isa = PBXGroup;
			children = (
				02418AC41C122CCE003D2D2F /* InterfaceController.swift */,
				02418AC61C122CCE003D2D2F /* ExtensionDelegate.swift */,
				02418AC81C122CCE003D2D2F /* Assets.xcassets */,
				02418ACA1C122CCE003D2D2F /* Info.plist */,
			);
			path = "Distress WatchKit Extension";
			sourceTree = "<group>";
		};
/* End PBXGroup section */

/* Begin PBXNativeTarget section */
		02418A9D1C122CCD003D2D2F /* Distress */ = {
			isa = PBXNativeTarget;
			buildConfigurationList = 02418AD51C122CCE003D2D2F /* Build configuration list for PBXNativeTarget "Distress" */;
			buildPhases = (
				02418A9A1C122CCD003D2D2F /* Sources */,
				02418A9B1C122CCD003D2D2F /* Frameworks */,
				02418A9C1C122CCD003D2D2F /* Resources */,
				02418AD41C122CCE003D2D2F /* Embed Watch Content */,
			);
			buildRules = (
			);
			dependencies = (
				02418AB31C122CCE003D2D2F /* PBXTargetDependency */,
			);
			name = Distress;
			productName = Distress;
			productReference = 02418A9E1C122CCD003D2D2F /* Distress.app */;
			productType = "com.apple.product-type.application";
		};
		02418AAF1C122CCE003D2D2F /* Distress WatchKit App */ = {
			isa = PBXNativeTarget;
			buildConfigurationList = 02418AD11C122CCE003D2D2F /* Build configuration list for PBXNativeTarget "Distress WatchKit App" */;
			buildPhases = (
				02418AAE1C122CCE003D2D2F /* Resources */,
				02418AD01C122CCE003D2D2F /* Embed App Extensions */,
			);
			buildRules = (
			);
			dependencies = (
				02418AC21C122CCE003D2D2F /* PBXTargetDependency */,
			);
			name = "Distress WatchKit App";
			productName = "Distress WatchKit App";
			productReference = 02418AB01C122CCE003D2D2F /* Distress WatchKit App.app */;
			productType = "com.apple.product-type.application.watchapp2";
		};
		02418ABE1C122CCE003D2D2F /* Distress WatchKit Extension */ = {
			isa = PBXNativeTarget;
			buildConfigurationList = 02418ACD1C122CCE003D2D2F /* Build configuration list for PBXNativeTarget "Distress WatchKit Extension" */;
			buildPhases = (
				02418ABB1C122CCE003D2D2F /* Sources */,
				02418ABC1C122CCE003D2D2F /* Frameworks */,
				02418ABD1C122CCE003D2D2F /* Resources */,
			);
			buildRules = (
			);
			dependencies = (
			);
			name = "Distress WatchKit Extension";
			productName = "Distress WatchKit Extension";
			productReference = 02418ABF1C122CCE003D2D2F /* Distress WatchKit Extension.appex */;
			productType = "com.apple.product-type.watchkit2-extension";
		};
/* End PBXNativeTarget section */

/* Begin PBXProject section */
		02418A961C122CCD003D2D2F /* Project object */ = {
			isa = PBXProject;
			attributes = {
				LastSwiftUpdateCheck = 0710;
				LastUpgradeCheck = 0710;
				ORGANIZATIONNAME = "Alex Hinkle";
				TargetAttributes = {
					02418A9D1C122CCD003D2D2F = {
						CreatedOnToolsVersion = 7.1;
						DevelopmentTeam = 2S89AER7L6;
					};
					02418AAF1C122CCE003D2D2F = {
						CreatedOnToolsVersion = 7.1;
						DevelopmentTeam = 2S89AER7L6;
					};
					02418ABE1C122CCE003D2D2F = {
						CreatedOnToolsVersion = 7.1;
						DevelopmentTeam = 2S89AER7L6;
					};
				};
			};
			buildConfigurationList = 02418A991C122CCD003D2D2F /* Build configuration list for PBXProject "Distress" */;
			compatibilityVersion = "Xcode 3.2";
			developmentRegion = English;
			hasScannedForEncodings = 0;
			knownRegions = (
				en,
				Base,
			);
			mainGroup = 02418A951C122CCD003D2D2F;
			productRefGroup = 02418A9F1C122CCD003D2D2F /* Products */;
			projectDirPath = "";
			projectRoot = "";
			targets = (
				02418A9D1C122CCD003D2D2F /* Distress */,
				02418AAF1C122CCE003D2D2F /* Distress WatchKit App */,
				02418ABE1C122CCE003D2D2F /* Distress WatchKit Extension */,
			);
		};
/* End PBXProject section */

/* Begin PBXResourcesBuildPhase section */
		02418A9C1C122CCD003D2D2F /* Resources */ = {
			isa = PBXResourcesBuildPhase;
			buildActionMask = 2147483647;
			files = (
				02418AAC1C122CCD003D2D2F /* LaunchScreen.storyboard in Resources */,
				02418AA91C122CCD003D2D2F /* Assets.xcassets in Resources */,
				02418AA71C122CCD003D2D2F /* Main.storyboard in Resources */,
			);
			runOnlyForDeploymentPostprocessing = 0;
		};
		02418AAE1C122CCE003D2D2F /* Resources */ = {
			isa = PBXResourcesBuildPhase;
			buildActionMask = 2147483647;
			files = (
				02418AB91C122CCE003D2D2F /* Assets.xcassets in Resources */,
				02418AB71C122CCE003D2D2F /* Interface.storyboard in Resources */,
			);
			runOnlyForDeploymentPostprocessing = 0;
		};
		02418ABD1C122CCE003D2D2F /* Resources */ = {
			isa = PBXResourcesBuildPhase;
			buildActionMask = 2147483647;
			files = (
				02418AC91C122CCE003D2D2F /* Assets.xcassets in Resources */,
			);
			runOnlyForDeploymentPostprocessing = 0;
		};
/* End PBXResourcesBuildPhase section */

/* Begin PBXSourcesBuildPhase section */
		02418A9A1C122CCD003D2D2F /* Sources */ = {
			isa = PBXSourcesBuildPhase;
			buildActionMask = 2147483647;
			files = (
				02418AA41C122CCD003D2D2F /* ViewController.swift in Sources */,
				02418AA21C122CCD003D2D2F /* AppDelegate.swift in Sources */,
			);
			runOnlyForDeploymentPostprocessing = 0;
		};
		02418ABB1C122CCE003D2D2F /* Sources */ = {
			isa = PBXSourcesBuildPhase;
			buildActionMask = 2147483647;
			files = (
				02418AC71C122CCE003D2D2F /* ExtensionDelegate.swift in Sources */,
				02418AC51C122CCE003D2D2F /* InterfaceController.swift in Sources */,
			);
			runOnlyForDeploymentPostprocessing = 0;
		};
/* End PBXSourcesBuildPhase section */

/* Begin PBXTargetDependency section */
		02418AB31C122CCE003D2D2F /* PBXTargetDependency */ = {
			isa = PBXTargetDependency;
			target = 02418AAF1C122CCE003D2D2F /* Distress WatchKit App */;
			targetProxy = 02418AB21C122CCE003D2D2F /* PBXContainerItemProxy */;
		};
		02418AC21C122CCE003D2D2F /* PBXTargetDependency */ = {
			isa = PBXTargetDependency;
			target = 02418ABE1C122CCE003D2D2F /* Distress WatchKit Extension */;
			targetProxy = 02418AC11C122CCE003D2D2F /* PBXContainerItemProxy */;
		};
/* End PBXTargetDependency section */

/* Begin PBXVariantGroup section */
		02418AA51C122CCD003D2D2F /* Main.storyboard */ = {
			isa = PBXVariantGroup;
			children = (
				02418AA61C122CCD003D2D2F /* Base */,
			);
			name = Main.storyboard;
			sourceTree = "<group>";
		};
		02418AAA1C122CCD003D2D2F /* LaunchScreen.storyboard */ = {
			isa = PBXVariantGroup;
			children = (
				02418AAB1C122CCD003D2D2F /* Base */,
			);
			name = LaunchScreen.storyboard;
			sourceTree = "<group>";
		};
		02418AB51C122CCE003D2D2F /* Interface.storyboard */ = {
			isa = PBXVariantGroup;
			children = (
				02418AB61C122CCE003D2D2F /* Base */,
			);
			name = Interface.storyboard;
			sourceTree = "<group>";
		};
/* End PBXVariantGroup section */

/* Begin XCBuildConfiguration section */
		02418ACB1C122CCE003D2D2F /* Debug */ = {
			isa = XCBuildConfiguration;
			buildSettings = {
				ALWAYS_SEARCH_USER_PATHS = NO;
				CLANG_CXX_LANGUAGE_STANDARD = "gnu++0x";
				CLANG_CXX_LIBRARY = "libc++";
				CLANG_ENABLE_MODULES = YES;
				CLANG_ENABLE_OBJC_ARC = YES;
				CLANG_WARN_BOOL_CONVERSION = YES;
				CLANG_WARN_CONSTANT_CONVERSION = YES;
				CLANG_WARN_DIRECT_OBJC_ISA_USAGE = YES_ERROR;
				CLANG_WARN_EMPTY_BODY = YES;
				CLANG_WARN_ENUM_CONVERSION = YES;
				CLANG_WARN_INT_CONVERSION = YES;
				CLANG_WARN_OBJC_ROOT_CLASS = YES_ERROR;
				CLANG_WARN_UNREACHABLE_CODE = YES;
				CLANG_WARN__DUPLICATE_METHOD_MATCH = YES;
				"CODE_SIGN_IDENTITY[sdk=iphoneos*]" = "iPhone Developer";
				COPY_PHASE_STRIP = NO;
				DEBUG_INFORMATION_FORMAT = dwarf;
				ENABLE_STRICT_OBJC_MSGSEND = YES;
				ENABLE_TESTABILITY = YES;
				GCC_C_LANGUAGE_STANDARD = gnu99;
				GCC_DYNAMIC_NO_PIC = NO;
				GCC_NO_COMMON_BLOCKS = YES;
				GCC_OPTIMIZATION_LEVEL = 0;
				GCC_PREPROCESSOR_DEFINITIONS = (
					"DEBUG=1",
					"$(inherited)",
				);
				GCC_WARN_64_TO_32_BIT_CONVERSION = YES;
				GCC_WARN_ABOUT_RETURN_TYPE = YES_ERROR;
				GCC_WARN_UNDECLARED_SELECTOR = YES;
				GCC_WARN_UNINITIALIZED_AUTOS = YES_AGGRESSIVE;
				GCC_WARN_UNUSED_FUNCTION = YES;
				GCC_WARN_UNUSED_VARIABLE = YES;
				IPHONEOS_DEPLOYMENT_TARGET = 9.1;
				MTL_ENABLE_DEBUG_INFO = YES;
				ONLY_ACTIVE_ARCH = YES;
				SDKROOT = iphoneos;
				SWIFT_OPTIMIZATION_LEVEL = "-Onone";
			};
			name = Debug;
		};
		02418ACC1C122CCE003D2D2F /* Release */ = {
			isa = XCBuildConfiguration;
			buildSettings = {
				ALWAYS_SEARCH_USER_PATHS = NO;
				CLANG_CXX_LANGUAGE_STANDARD = "gnu++0x";
				CLANG_CXX_LIBRARY = "libc++";
				CLANG_ENABLE_MODULES = YES;
				CLANG_ENABLE_OBJC_ARC = YES;
				CLANG_WARN_BOOL_CONVERSION = YES;
				CLANG_WARN_CONSTANT_CONVERSION = YES;
				CLANG_WARN_DIRECT_OBJC_ISA_USAGE = YES_ERROR;
				CLANG_WARN_EMPTY_BODY = YES;
				CLANG_WARN_ENUM_CONVERSION = YES;
				CLANG_WARN_INT_CONVERSION = YES;
				CLANG_WARN_OBJC_ROOT_CLASS = YES_ERROR;
				CLANG_WARN_UNREACHABLE_CODE = YES;
				CLANG_WARN__DUPLICATE_METHOD_MATCH = YES;
				"CODE_SIGN_IDENTITY[sdk=iphoneos*]" = "iPhone Developer";
				COPY_PHASE_STRIP = NO;
				DEBUG_INFORMATION_FORMAT = "dwarf-with-dsym";
				ENABLE_NS_ASSERTIONS = NO;
				ENABLE_STRICT_OBJC_MSGSEND = YES;
				GCC_C_LANGUAGE_STANDARD = gnu99;
				GCC_NO_COMMON_BLOCKS = YES;
				GCC_WARN_64_TO_32_BIT_CONVERSION = YES;
				GCC_WARN_ABOUT_RETURN_TYPE = YES_ERROR;
				GCC_WARN_UNDECLARED_SELECTOR = YES;
				GCC_WARN_UNINITIALIZED_AUTOS = YES_AGGRESSIVE;
				GCC_WARN_UNUSED_FUNCTION = YES;
				GCC_WARN_UNUSED_VARIABLE = YES;
				IPHONEOS_DEPLOYMENT_TARGET = 9.1;
				MTL_ENABLE_DEBUG_INFO = NO;
				SDKROOT = iphoneos;
				VALIDATE_PRODUCT = YES;
			};
			name = Release;
		};
		02418ACE1C122CCE003D2D2F /* Debug */ = {
			isa = XCBuildConfiguration;
			buildSettings = {
				INFOPLIST_FILE = "Distress WatchKit Extension/Info.plist";
				LD_RUNPATH_SEARCH_PATHS = "$(inherited) @executable_path/Frameworks @executable_path/../../Frameworks";
				PRODUCT_BUNDLE_IDENTIFIER = com.alexhinkle.Distress.watchkitapp.watchkitextension;
				PRODUCT_NAME = "${TARGET_NAME}";
				SDKROOT = watchos;
				SKIP_INSTALL = YES;
				TARGETED_DEVICE_FAMILY = 4;
				WATCHOS_DEPLOYMENT_TARGET = 2.0;
			};
			name = Debug;
		};
		02418ACF1C122CCE003D2D2F /* Release */ = {
			isa = XCBuildConfiguration;
			buildSettings = {
				INFOPLIST_FILE = "Distress WatchKit Extension/Info.plist";
				LD_RUNPATH_SEARCH_PATHS = "$(inherited) @executable_path/Frameworks @executable_path/../../Frameworks";
				PRODUCT_BUNDLE_IDENTIFIER = com.alexhinkle.Distress.watchkitapp.watchkitextension;
				PRODUCT_NAME = "${TARGET_NAME}";
				SDKROOT = watchos;
				SKIP_INSTALL = YES;
				TARGETED_DEVICE_FAMILY = 4;
				WATCHOS_DEPLOYMENT_TARGET = 2.0;
			};
			name = Release;
		};
		02418AD21C122CCE003D2D2F /* Debug */ = {
			isa = XCBuildConfiguration;
			buildSettings = {
				ASSETCATALOG_COMPILER_APPICON_NAME = AppIcon;
				EMBEDDED_CONTENT_CONTAINS_SWIFT = YES;
				IBSC_MODULE = Distress_WatchKit_Extension;
				INFOPLIST_FILE = "Distress WatchKit App/Info.plist";
				PRODUCT_BUNDLE_IDENTIFIER = com.alexhinkle.Distress.watchkitapp;
				PRODUCT_NAME = "$(TARGET_NAME)";
				SDKROOT = watchos;
				SKIP_INSTALL = YES;
				TARGETED_DEVICE_FAMILY = 4;
				WATCHOS_DEPLOYMENT_TARGET = 2.0;
			};
			name = Debug;
		};
		02418AD31C122CCE003D2D2F /* Release */ = {
			isa = XCBuildConfiguration;
			buildSettings = {
				ASSETCATALOG_COMPILER_APPICON_NAME = AppIcon;
				EMBEDDED_CONTENT_CONTAINS_SWIFT = YES;
				IBSC_MODULE = Distress_WatchKit_Extension;
				INFOPLIST_FILE = "Distress WatchKit App/Info.plist";
				PRODUCT_BUNDLE_IDENTIFIER = com.alexhinkle.Distress.watchkitapp;
				PRODUCT_NAME = "$(TARGET_NAME)";
				SDKROOT = watchos;
				SKIP_INSTALL = YES;
				TARGETED_DEVICE_FAMILY = 4;
				WATCHOS_DEPLOYMENT_TARGET = 2.0;
			};
			name = Release;
		};
		02418AD61C122CCE003D2D2F /* Debug */ = {
			isa = XCBuildConfiguration;
			buildSettings = {
				ASSETCATALOG_COMPILER_APPICON_NAME = AppIcon;
				INFOPLIST_FILE = Distress/Info.plist;
				LD_RUNPATH_SEARCH_PATHS = "$(inherited) @executable_path/Frameworks";
				PRODUCT_BUNDLE_IDENTIFIER = com.alexhinkle.Distress;
				PRODUCT_NAME = "$(TARGET_NAME)";
			};
			name = Debug;
		};
		02418AD71C122CCE003D2D2F /* Release */ = {
			isa = XCBuildConfiguration;
			buildSettings = {
				ASSETCATALOG_COMPILER_APPICON_NAME = AppIcon;
				INFOPLIST_FILE = Distress/Info.plist;
				LD_RUNPATH_SEARCH_PATHS = "$(inherited) @executable_path/Frameworks";
				PRODUCT_BUNDLE_IDENTIFIER = com.alexhinkle.Distress;
				PRODUCT_NAME = "$(TARGET_NAME)";
			};
			name = Release;
		};
/* End XCBuildConfiguration section */

/* Begin XCConfigurationList section */
		02418A991C122CCD003D2D2F /* Build configuration list for PBXProject "Distress" */ = {
			isa = XCConfigurationList;
			buildConfigurations = (
				02418ACB1C122CCE003D2D2F /* Debug */,
				02418ACC1C122CCE003D2D2F /* Release */,
			);
			defaultConfigurationIsVisible = 0;
			defaultConfigurationName = Release;
		};
		02418ACD1C122CCE003D2D2F /* Build configuration list for PBXNativeTarget "Distress WatchKit Extension" */ = {
			isa = XCConfigurationList;
			buildConfigurations = (
				02418ACE1C122CCE003D2D2F /* Debug */,
				02418ACF1C122CCE003D2D2F /* Release */,
			);
			defaultConfigurationIsVisible = 0;
		};
		02418AD11C122CCE003D2D2F /* Build configuration list for PBXNativeTarget "Distress WatchKit App" */ = {
			isa = XCConfigurationList;
			buildConfigurations = (
				02418AD21C122CCE003D2D2F /* Debug */,
				02418AD31C122CCE003D2D2F /* Release */,
			);
			defaultConfigurationIsVisible = 0;
		};
		02418AD51C122CCE003D2D2F /* Build configuration list for PBXNativeTarget "Distress" */ = {
			isa = XCConfigurationList;
			buildConfigurations = (
				02418AD61C122CCE003D2D2F /* Debug */,
				02418AD71C122CCE003D2D2F /* Release */,
			);
			defaultConfigurationIsVisible = 0;
		};
/* End XCConfigurationList section */
	};
	rootObject = 02418A961C122CCD003D2D2F /* Project object */;
}
